
Microsoft Visual Studio Solution File, Format Version 12.00
# Visual Studio Version 17
VisualStudioVersion = 17.11.35327.3
MinimumVisualStudioVersion = 10.0.40219.1
Project("{FAE04EC0-301F-11D3-BF4B-00C04F79EFBC}") = "WebApplication6", "WebApplication6\WebApplication6.csproj", "{065D908D-8313-4912-AD1A-4C6C6FE1CA12}"
EndProject
Global
	GlobalSection(SolutionConfigurationPlatforms) = preSolution
		Debug|Any CPU = Debug|Any CPU
		Release|Any CPU = Release|Any CPU
	EndGlobalSection
	GlobalSection(ProjectConfigurationPlatforms) = postSolution
		{065D908D-8313-4912-AD1A-4C6C6FE1CA12}.Debug|Any CPU.ActiveCfg = Debug|Any CPU
		{065D908D-8313-4912-AD1A-4C6C6FE1CA12}.Debug|Any CPU.Build.0 = Debug|Any CPU
		{065D908D-8313-4912-AD1A-4C6C6FE1CA12}.Release|Any CPU.ActiveCfg = Release|Any CPU
		{065D908D-8313-4912-AD1A-4C6C6FE1CA12}.Release|Any CPU.Build.0 = Release|Any CPU
	EndGlobalSection
	GlobalSection(SolutionProperties) = preSolution
		HideSolutionNode = FALSE
	EndGlobalSection
	GlobalSection(ExtensibilityGlobals) = postSolution
		SolutionGuid = {5884BB01-6EF0-4726-B547-2FE76D69804D}
	EndGlobalSection
EndGlobal
